PODS:
  - IBMWatsonRestKit (1.3.0)
  - IBMWatsonVisualRecognitionV3 (0.38.1):
    - IBMWatsonRestKit (~> 1.3.0)

DEPENDENCIES:
  - IBMWatsonVisualRecognitionV3 (~> 0.38.1)

SPEC REPOS:
  https://github.com/cocoapods/specs.git:
    - IBMWatsonRestKit
    - IBMWatsonVisualRecognitionV3

SPEC CHECKSUMS:
  IBMWatsonRestKit: 3fed988adb397f6065316327440d8ab57a33b225
  IBMWatsonVisualRecognitionV3: e6ab8e2375a6abfb3eebf8b63722db8001c4f62b

PODFILE CHECKSUM: 73b98bef9f9c17162fbb62781bebac2206d2cbbe

COCOAPODS: 1.5.3
