PODS:
  - IBMWatsonRestKit (3.0.1)
  - IBMWatsonVisualRecognitionV3 (2.0.3):
    - IBMWatsonRestKit (~> 3.0.0)
  - SVProgressHUD (2.2.5)

DEPENDENCIES:
  - IBMWatsonVisualRecognitionV3 (~> 2.0.3)
  - SVProgressHUD (~> 2.2.5)

SPEC REPOS:
  https://github.com/cocoapods/specs.git:
    - IBMWatsonRestKit
    - IBMWatsonVisualRecognitionV3
    - SVProgressHUD

SPEC CHECKSUMS:
  IBMWatsonRestKit: 73dbe7b437bfefa6105ccee6795c1ada2ef80594
  IBMWatsonVisualRecognitionV3: 4c19e90497a727c2ca47368f6259e09abd7fe57c
  SVProgressHUD: 1428aafac632c1f86f62aa4243ec12008d7a51d6

PODFILE CHECKSUM: f75a55447005ab91f361cd890180057b994db64d

COCOAPODS: 1.7.0
